
Microsoft Visual Studio Solution File, Format Version 12.00
# Visual Studio Version 17
VisualStudioVersion = 17.4.33122.133
MinimumVisualStudioVersion = 10.0.40219.1
Project("{9A19103F-16F7-4668-BE54-9A1E7A4F7556}") = "partition_id", "partition_id.csproj", "{EDE676B4-67BF-43A5-9452-BB02128DF036}"
EndProject
Global
	GlobalSection(SolutionConfigurationPlatforms) = preSolution
		Debug|Any CPU = Debug|Any CPU
		Release|Any CPU = Release|Any CPU
	EndGlobalSection
	GlobalSection(ProjectConfigurationPlatforms) = postSolution
		{EDE676B4-67BF-43A5-9452-BB02128DF036}.Debug|Any CPU.ActiveCfg = Debug|Any CPU
		{EDE676B4-67BF-43A5-9452-BB02128DF036}.Debug|Any CPU.Build.0 = Debug|Any CPU
		{EDE676B4-67BF-43A5-9452-BB02128DF036}.Release|Any CPU.ActiveCfg = Release|Any CPU
		{EDE676B4-67BF-43A5-9452-BB02128DF036}.Release|Any CPU.Build.0 = Release|Any CPU
	EndGlobalSection
	GlobalSection(SolutionProperties) = preSolution
		HideSolutionNode = FALSE
	EndGlobalSection
	GlobalSection(ExtensibilityGlobals) = postSolution
		SolutionGuid = {A24DD9CC-22E4-4A19-AB3F-F69F230DBC52}
	EndGlobalSection
EndGlobal
